
Microsoft Visual Studio Solution File, Format Version 12.00
# Visual Studio Version 16
VisualStudioVersion = 16.0.31402.337
MinimumVisualStudioVersion = 10.0.40219.1
Project("{2150E333-8FDC-42A3-9474-1A3956D46DE8}") = "DataStructure", "DataStructure", "{45571775-036A-41BE-960D-82D5D33A2B35}"
EndProject
Project("{2150E333-8FDC-42A3-9474-1A3956D46DE8}") = "Algorithms", "Algorithms", "{FDB2AF60-615B-4FF7-BE85-4ECE8D7CD2A1}"
EndProject
Project("{9A19103F-16F7-4668-BE54-9A1E7A4F7556}") = "StackDataStructure", "DataStructure\StackDataStructure\StackDataStructure.csproj", "{B1012808-AF0D-440D-A36C-2748E998F127}"
EndProject
Project("{9A19103F-16F7-4668-BE54-9A1E7A4F7556}") = "QueueDataStructure", "DataStructure\QueueDataStructure\QueueDataStructure.csproj", "{160B77D9-7485-40B8-825D-35BB258E4D5F}"
EndProject
Project("{9A19103F-16F7-4668-BE54-9A1E7A4F7556}") = "CircularQueueDataStructure", "DataStructure\CircularQueueDataStructure\CircularQueueDataStructure.csproj", "{6D53AECC-ACA1-44AE-96F0-00C4B9889AE7}"
EndProject
Project("{9A19103F-16F7-4668-BE54-9A1E7A4F7556}") = "TreeTraversal", "Algorithms\TreeTraversal\TreeTraversal.csproj", "{5370025E-76A9-4687-96DC-41BE30D8F3BA}"
EndProject
Project("{9A19103F-16F7-4668-BE54-9A1E7A4F7556}") = "FullBinaryTree", "Algorithms\FullBinaryTree\FullBinaryTree.csproj", "{82390D8B-66AF-45A3-8C17-E8B12FF99872}"
EndProject
Project("{9A19103F-16F7-4668-BE54-9A1E7A4F7556}") = "PerfectBinaryTree", "Algorithms\PerfectBinaryTree\PerfectBinaryTree.csproj", "{AA6F4D62-3C5D-4503-84D7-EFCE1153BB41}"
EndProject
Project("{9A19103F-16F7-4668-BE54-9A1E7A4F7556}") = "CompleteBinaryTree", "Algorithms\CompleteBinaryTree\CompleteBinaryTree.csproj", "{5E784ABD-8166-49CB-A521-EE7518184BA4}"
EndProject
Project("{2150E333-8FDC-42A3-9474-1A3956D46DE8}") = "Research", "Research", "{957DE092-05BD-49BC-B77F-41D5CFA2FC5A}"
EndProject
Project("{9A19103F-16F7-4668-BE54-9A1E7A4F7556}") = "TwoSumArray", "Research\TwoSumArray\TwoSumArray.csproj", "{E1A02AB4-6137-4D11-A699-DD20C4C58214}"
EndProject
Project("{9A19103F-16F7-4668-BE54-9A1E7A4F7556}") = "LargestElementArray", "Research\LargestElementArray\LargestElementArray.csproj", "{4AF83343-F04A-4CA1-ACA2-36B21E92E929}"
EndProject
Project("{9A19103F-16F7-4668-BE54-9A1E7A4F7556}") = "PrintLeftRotationOfArray", "Research\PrintLeftRotationOfArray\PrintLeftRotationOfArray.csproj", "{97CAE8F1-AC52-44A5-B776-2AD2BEA61F9A}"
EndProject
Project("{9A19103F-16F7-4668-BE54-9A1E7A4F7556}") = "SplitArrayAndAddFirstPartToEnd", "Research\SplitArrayAndAddFirstPartToEnd\SplitArrayAndAddFirstPartToEnd.csproj", "{2726723A-D90D-4035-A22B-283143D97367}"
EndProject
Project("{9A19103F-16F7-4668-BE54-9A1E7A4F7556}") = "MinimumSwapCharacterInString", "Research\MinimumSwapCharacterInString\MinimumSwapCharacterInString.csproj", "{BCAA6E3D-6A15-4416-823B-4748ED0D420E}"
EndProject
Project("{9A19103F-16F7-4668-BE54-9A1E7A4F7556}") = "CheckIsogram", "Research\CheckIsogram\CheckIsogram.csproj", "{1C2D5905-D5B8-4D99-A4AA-0144CC388933}"
EndProject
Project("{9A19103F-16F7-4668-BE54-9A1E7A4F7556}") = "SlidingWindow", "Research\SlidingWindow\SlidingWindow.csproj", "{C6019F93-8BE0-414F-BDB5-B0C9109E8CA4}"
EndProject
Project("{9A19103F-16F7-4668-BE54-9A1E7A4F7556}") = "RepeatingDecimal", "Research\NumeratorDenominator\RepeatingDecimal.csproj", "{733FDCCD-841B-4F94-8529-3A2D5B7DD16F}"
EndProject
Project("{9A19103F-16F7-4668-BE54-9A1E7A4F7556}") = "ArrayManipulation", "Research\ArrayManipulation\ArrayManipulation.csproj", "{D207F49D-0A3A-41CA-A436-1EB21852A71B}"
EndProject
Project("{9A19103F-16F7-4668-BE54-9A1E7A4F7556}") = "ConvertFrom12To24HoursFormat", "Research\ConvertFrom12To24HoursFormat\ConvertFrom12To24HoursFormat.csproj", "{244A45DA-4EE5-4DB7-AC1C-99C669FE7EEB}"
EndProject
Project("{9A19103F-16F7-4668-BE54-9A1E7A4F7556}") = "TestGorilla", "Research\TestGorilla\TestGorilla.csproj", "{30C583B5-C440-41EF-B992-0ED9B73BC1BD}"
EndProject
Project("{9A19103F-16F7-4668-BE54-9A1E7A4F7556}") = "ResearchCode", "Research\ResearchCode\ResearchCode.csproj", "{28B87BE4-72CE-45DA-A3DD-052BBE405288}"
EndProject
Project("{9A19103F-16F7-4668-BE54-9A1E7A4F7556}") = "MedianOfTwoSortedArrays", "Research\MedianOfTwoSortedArrays\MedianOfTwoSortedArrays.csproj", "{0FA66345-97BC-4D5E-866F-E1CC304210CD}"
EndProject
Project("{9A19103F-16F7-4668-BE54-9A1E7A4F7556}") = "BubbleSort", "Algorithms\BubbleSort\BubbleSort.csproj", "{81EC756F-CECF-4DD1-B393-D008767DEFCD}"
EndProject
Project("{9A19103F-16F7-4668-BE54-9A1E7A4F7556}") = "TestTessian", "Research\TestTessian\TestTessian.csproj", "{2C96D3B2-30C3-4ABB-A7D9-2653EECF5849}"
EndProject
Project("{9A19103F-16F7-4668-BE54-9A1E7A4F7556}") = "FizzBuzz", "Research\FizzBuzz\FizzBuzz.csproj", "{46EC12A7-502A-493A-8835-D91D88F89C7D}"
EndProject
Project("{9A19103F-16F7-4668-BE54-9A1E7A4F7556}") = "StringManipulation", "Research\StringManipulation\StringManipulation.csproj", "{74BB2344-B77A-4C46-92F7-3F2BB5D622EE}"
EndProject
Project("{9A19103F-16F7-4668-BE54-9A1E7A4F7556}") = "ReverseWordInPlaceFromCharacterArray", "Research\ReverseWordInPlaceFromCharacterArray\ReverseWordInPlaceFromCharacterArray.csproj", "{8DE8756C-0DB6-4620-96E9-7B720A664A11}"
EndProject
Project("{9A19103F-16F7-4668-BE54-9A1E7A4F7556}") = "ValidParentheses", "Research\ValidParentheses\ValidParentheses.csproj", "{C52D1BA7-C69B-44A6-B2B9-4251D6413C28}"
EndProject
Project("{FAE04EC0-301F-11D3-BF4B-00C04F79EFBC}") = "PlusOne", "Research\PlusOne\PlusOne.csproj", "{DAF1706D-C1A8-43C7-A8B0-A29D5A37EE33}"
EndProject
Global
	GlobalSection(SolutionConfigurationPlatforms) = preSolution
		Debug|Any CPU = Debug|Any CPU
		Release|Any CPU = Release|Any CPU
	EndGlobalSection
	GlobalSection(ProjectConfigurationPlatforms) = postSolution
		{B1012808-AF0D-440D-A36C-2748E998F127}.Debug|Any CPU.ActiveCfg = Debug|Any CPU
		{B1012808-AF0D-440D-A36C-2748E998F127}.Debug|Any CPU.Build.0 = Debug|Any CPU
		{B1012808-AF0D-440D-A36C-2748E998F127}.Release|Any CPU.ActiveCfg = Release|Any CPU
		{B1012808-AF0D-440D-A36C-2748E998F127}.Release|Any CPU.Build.0 = Release|Any CPU
		{160B77D9-7485-40B8-825D-35BB258E4D5F}.Debug|Any CPU.ActiveCfg = Debug|Any CPU
		{160B77D9-7485-40B8-825D-35BB258E4D5F}.Debug|Any CPU.Build.0 = Debug|Any CPU
		{160B77D9-7485-40B8-825D-35BB258E4D5F}.Release|Any CPU.ActiveCfg = Release|Any CPU
		{160B77D9-7485-40B8-825D-35BB258E4D5F}.Release|Any CPU.Build.0 = Release|Any CPU
		{6D53AECC-ACA1-44AE-96F0-00C4B9889AE7}.Debug|Any CPU.ActiveCfg = Debug|Any CPU
		{6D53AECC-ACA1-44AE-96F0-00C4B9889AE7}.Debug|Any CPU.Build.0 = Debug|Any CPU
		{6D53AECC-ACA1-44AE-96F0-00C4B9889AE7}.Release|Any CPU.ActiveCfg = Release|Any CPU
		{6D53AECC-ACA1-44AE-96F0-00C4B9889AE7}.Release|Any CPU.Build.0 = Release|Any CPU
		{5370025E-76A9-4687-96DC-41BE30D8F3BA}.Debug|Any CPU.ActiveCfg = Debug|Any CPU
		{5370025E-76A9-4687-96DC-41BE30D8F3BA}.Debug|Any CPU.Build.0 = Debug|Any CPU
		{5370025E-76A9-4687-96DC-41BE30D8F3BA}.Release|Any CPU.ActiveCfg = Release|Any CPU
		{5370025E-76A9-4687-96DC-41BE30D8F3BA}.Release|Any CPU.Build.0 = Release|Any CPU
		{82390D8B-66AF-45A3-8C17-E8B12FF99872}.Debug|Any CPU.ActiveCfg = Debug|Any CPU
		{82390D8B-66AF-45A3-8C17-E8B12FF99872}.Debug|Any CPU.Build.0 = Debug|Any CPU
		{82390D8B-66AF-45A3-8C17-E8B12FF99872}.Release|Any CPU.ActiveCfg = Release|Any CPU
		{82390D8B-66AF-45A3-8C17-E8B12FF99872}.Release|Any CPU.Build.0 = Release|Any CPU
		{AA6F4D62-3C5D-4503-84D7-EFCE1153BB41}.Debug|Any CPU.ActiveCfg = Debug|Any CPU
		{AA6F4D62-3C5D-4503-84D7-EFCE1153BB41}.Debug|Any CPU.Build.0 = Debug|Any CPU
		{AA6F4D62-3C5D-4503-84D7-EFCE1153BB41}.Release|Any CPU.ActiveCfg = Release|Any CPU
		{AA6F4D62-3C5D-4503-84D7-EFCE1153BB41}.Release|Any CPU.Build.0 = Release|Any CPU
		{5E784ABD-8166-49CB-A521-EE7518184BA4}.Debug|Any CPU.ActiveCfg = Debug|Any CPU
		{5E784ABD-8166-49CB-A521-EE7518184BA4}.Debug|Any CPU.Build.0 = Debug|Any CPU
		{5E784ABD-8166-49CB-A521-EE7518184BA4}.Release|Any CPU.ActiveCfg = Release|Any CPU
		{5E784ABD-8166-49CB-A521-EE7518184BA4}.Release|Any CPU.Build.0 = Release|Any CPU
		{E1A02AB4-6137-4D11-A699-DD20C4C58214}.Debug|Any CPU.ActiveCfg = Debug|Any CPU
		{E1A02AB4-6137-4D11-A699-DD20C4C58214}.Debug|Any CPU.Build.0 = Debug|Any CPU
		{E1A02AB4-6137-4D11-A699-DD20C4C58214}.Release|Any CPU.ActiveCfg = Release|Any CPU
		{E1A02AB4-6137-4D11-A699-DD20C4C58214}.Release|Any CPU.Build.0 = Release|Any CPU
		{4AF83343-F04A-4CA1-ACA2-36B21E92E929}.Debug|Any CPU.ActiveCfg = Debug|Any CPU
		{4AF83343-F04A-4CA1-ACA2-36B21E92E929}.Debug|Any CPU.Build.0 = Debug|Any CPU
		{4AF83343-F04A-4CA1-ACA2-36B21E92E929}.Release|Any CPU.ActiveCfg = Release|Any CPU
		{4AF83343-F04A-4CA1-ACA2-36B21E92E929}.Release|Any CPU.Build.0 = Release|Any CPU
		{97CAE8F1-AC52-44A5-B776-2AD2BEA61F9A}.Debug|Any CPU.ActiveCfg = Debug|Any CPU
		{97CAE8F1-AC52-44A5-B776-2AD2BEA61F9A}.Debug|Any CPU.Build.0 = Debug|Any CPU
		{97CAE8F1-AC52-44A5-B776-2AD2BEA61F9A}.Release|Any CPU.ActiveCfg = Release|Any CPU
		{97CAE8F1-AC52-44A5-B776-2AD2BEA61F9A}.Release|Any CPU.Build.0 = Release|Any CPU
		{2726723A-D90D-4035-A22B-283143D97367}.Debug|Any CPU.ActiveCfg = Debug|Any CPU
		{2726723A-D90D-4035-A22B-283143D97367}.Debug|Any CPU.Build.0 = Debug|Any CPU
		{2726723A-D90D-4035-A22B-283143D97367}.Release|Any CPU.ActiveCfg = Release|Any CPU
		{2726723A-D90D-4035-A22B-283143D97367}.Release|Any CPU.Build.0 = Release|Any CPU
		{BCAA6E3D-6A15-4416-823B-4748ED0D420E}.Debug|Any CPU.ActiveCfg = Debug|Any CPU
		{BCAA6E3D-6A15-4416-823B-4748ED0D420E}.Debug|Any CPU.Build.0 = Debug|Any CPU
		{BCAA6E3D-6A15-4416-823B-4748ED0D420E}.Release|Any CPU.ActiveCfg = Release|Any CPU
		{BCAA6E3D-6A15-4416-823B-4748ED0D420E}.Release|Any CPU.Build.0 = Release|Any CPU
		{1C2D5905-D5B8-4D99-A4AA-0144CC388933}.Debug|Any CPU.ActiveCfg = Debug|Any CPU
		{1C2D5905-D5B8-4D99-A4AA-0144CC388933}.Debug|Any CPU.Build.0 = Debug|Any CPU
		{1C2D5905-D5B8-4D99-A4AA-0144CC388933}.Release|Any CPU.ActiveCfg = Release|Any CPU
		{1C2D5905-D5B8-4D99-A4AA-0144CC388933}.Release|Any CPU.Build.0 = Release|Any CPU
		{C6019F93-8BE0-414F-BDB5-B0C9109E8CA4}.Debug|Any CPU.ActiveCfg = Debug|Any CPU
		{C6019F93-8BE0-414F-BDB5-B0C9109E8CA4}.Debug|Any CPU.Build.0 = Debug|Any CPU
		{C6019F93-8BE0-414F-BDB5-B0C9109E8CA4}.Release|Any CPU.ActiveCfg = Release|Any CPU
		{C6019F93-8BE0-414F-BDB5-B0C9109E8CA4}.Release|Any CPU.Build.0 = Release|Any CPU
		{733FDCCD-841B-4F94-8529-3A2D5B7DD16F}.Debug|Any CPU.ActiveCfg = Debug|Any CPU
		{733FDCCD-841B-4F94-8529-3A2D5B7DD16F}.Debug|Any CPU.Build.0 = Debug|Any CPU
		{733FDCCD-841B-4F94-8529-3A2D5B7DD16F}.Release|Any CPU.ActiveCfg = Release|Any CPU
		{733FDCCD-841B-4F94-8529-3A2D5B7DD16F}.Release|Any CPU.Build.0 = Release|Any CPU
		{D207F49D-0A3A-41CA-A436-1EB21852A71B}.Debug|Any CPU.ActiveCfg = Debug|Any CPU
		{D207F49D-0A3A-41CA-A436-1EB21852A71B}.Debug|Any CPU.Build.0 = Debug|Any CPU
		{D207F49D-0A3A-41CA-A436-1EB21852A71B}.Release|Any CPU.ActiveCfg = Release|Any CPU
		{D207F49D-0A3A-41CA-A436-1EB21852A71B}.Release|Any CPU.Build.0 = Release|Any CPU
		{244A45DA-4EE5-4DB7-AC1C-99C669FE7EEB}.Debug|Any CPU.ActiveCfg = Debug|Any CPU
		{244A45DA-4EE5-4DB7-AC1C-99C669FE7EEB}.Debug|Any CPU.Build.0 = Debug|Any CPU
		{244A45DA-4EE5-4DB7-AC1C-99C669FE7EEB}.Release|Any CPU.ActiveCfg = Release|Any CPU
		{244A45DA-4EE5-4DB7-AC1C-99C669FE7EEB}.Release|Any CPU.Build.0 = Release|Any CPU
		{30C583B5-C440-41EF-B992-0ED9B73BC1BD}.Debug|Any CPU.ActiveCfg = Debug|Any CPU
		{30C583B5-C440-41EF-B992-0ED9B73BC1BD}.Debug|Any CPU.Build.0 = Debug|Any CPU
		{30C583B5-C440-41EF-B992-0ED9B73BC1BD}.Release|Any CPU.ActiveCfg = Release|Any CPU
		{30C583B5-C440-41EF-B992-0ED9B73BC1BD}.Release|Any CPU.Build.0 = Release|Any CPU
		{28B87BE4-72CE-45DA-A3DD-052BBE405288}.Debug|Any CPU.ActiveCfg = Debug|Any CPU
		{28B87BE4-72CE-45DA-A3DD-052BBE405288}.Debug|Any CPU.Build.0 = Debug|Any CPU
		{28B87BE4-72CE-45DA-A3DD-052BBE405288}.Release|Any CPU.ActiveCfg = Release|Any CPU
		{28B87BE4-72CE-45DA-A3DD-052BBE405288}.Release|Any CPU.Build.0 = Release|Any CPU
		{0FA66345-97BC-4D5E-866F-E1CC304210CD}.Debug|Any CPU.ActiveCfg = Debug|Any CPU
		{0FA66345-97BC-4D5E-866F-E1CC304210CD}.Debug|Any CPU.Build.0 = Debug|Any CPU
		{0FA66345-97BC-4D5E-866F-E1CC304210CD}.Release|Any CPU.ActiveCfg = Release|Any CPU
		{0FA66345-97BC-4D5E-866F-E1CC304210CD}.Release|Any CPU.Build.0 = Release|Any CPU
		{81EC756F-CECF-4DD1-B393-D008767DEFCD}.Debug|Any CPU.ActiveCfg = Debug|Any CPU
		{81EC756F-CECF-4DD1-B393-D008767DEFCD}.Debug|Any CPU.Build.0 = Debug|Any CPU
		{81EC756F-CECF-4DD1-B393-D008767DEFCD}.Release|Any CPU.ActiveCfg = Release|Any CPU
		{81EC756F-CECF-4DD1-B393-D008767DEFCD}.Release|Any CPU.Build.0 = Release|Any CPU
		{2C96D3B2-30C3-4ABB-A7D9-2653EECF5849}.Debug|Any CPU.ActiveCfg = Debug|Any CPU
		{2C96D3B2-30C3-4ABB-A7D9-2653EECF5849}.Debug|Any CPU.Build.0 = Debug|Any CPU
		{2C96D3B2-30C3-4ABB-A7D9-2653EECF5849}.Release|Any CPU.ActiveCfg = Release|Any CPU
		{2C96D3B2-30C3-4ABB-A7D9-2653EECF5849}.Release|Any CPU.Build.0 = Release|Any CPU
		{46EC12A7-502A-493A-8835-D91D88F89C7D}.Debug|Any CPU.ActiveCfg = Debug|Any CPU
		{46EC12A7-502A-493A-8835-D91D88F89C7D}.Debug|Any CPU.Build.0 = Debug|Any CPU
		{46EC12A7-502A-493A-8835-D91D88F89C7D}.Release|Any CPU.ActiveCfg = Release|Any CPU
		{46EC12A7-502A-493A-8835-D91D88F89C7D}.Release|Any CPU.Build.0 = Release|Any CPU
		{74BB2344-B77A-4C46-92F7-3F2BB5D622EE}.Debug|Any CPU.ActiveCfg = Debug|Any CPU
		{74BB2344-B77A-4C46-92F7-3F2BB5D622EE}.Debug|Any CPU.Build.0 = Debug|Any CPU
		{74BB2344-B77A-4C46-92F7-3F2BB5D622EE}.Release|Any CPU.ActiveCfg = Release|Any CPU
		{74BB2344-B77A-4C46-92F7-3F2BB5D622EE}.Release|Any CPU.Build.0 = Release|Any CPU
		{8DE8756C-0DB6-4620-96E9-7B720A664A11}.Debug|Any CPU.ActiveCfg = Debug|Any CPU
		{8DE8756C-0DB6-4620-96E9-7B720A664A11}.Debug|Any CPU.Build.0 = Debug|Any CPU
		{8DE8756C-0DB6-4620-96E9-7B720A664A11}.Release|Any CPU.ActiveCfg = Release|Any CPU
		{8DE8756C-0DB6-4620-96E9-7B720A664A11}.Release|Any CPU.Build.0 = Release|Any CPU
		{C52D1BA7-C69B-44A6-B2B9-4251D6413C28}.Debug|Any CPU.ActiveCfg = Debug|Any CPU
		{C52D1BA7-C69B-44A6-B2B9-4251D6413C28}.Debug|Any CPU.Build.0 = Debug|Any CPU
		{C52D1BA7-C69B-44A6-B2B9-4251D6413C28}.Release|Any CPU.ActiveCfg = Release|Any CPU
		{C52D1BA7-C69B-44A6-B2B9-4251D6413C28}.Release|Any CPU.Build.0 = Release|Any CPU
		{DAF1706D-C1A8-43C7-A8B0-A29D5A37EE33}.Debug|Any CPU.ActiveCfg = Debug|Any CPU
		{DAF1706D-C1A8-43C7-A8B0-A29D5A37EE33}.Debug|Any CPU.Build.0 = Debug|Any CPU
		{DAF1706D-C1A8-43C7-A8B0-A29D5A37EE33}.Release|Any CPU.ActiveCfg = Release|Any CPU
		{DAF1706D-C1A8-43C7-A8B0-A29D5A37EE33}.Release|Any CPU.Build.0 = Release|Any CPU
	EndGlobalSection
	GlobalSection(SolutionProperties) = preSolution
		HideSolutionNode = FALSE
	EndGlobalSection
	GlobalSection(NestedProjects) = preSolution
		{B1012808-AF0D-440D-A36C-2748E998F127} = {45571775-036A-41BE-960D-82D5D33A2B35}
		{160B77D9-7485-40B8-825D-35BB258E4D5F} = {45571775-036A-41BE-960D-82D5D33A2B35}
		{6D53AECC-ACA1-44AE-96F0-00C4B9889AE7} = {45571775-036A-41BE-960D-82D5D33A2B35}
		{5370025E-76A9-4687-96DC-41BE30D8F3BA} = {FDB2AF60-615B-4FF7-BE85-4ECE8D7CD2A1}
		{82390D8B-66AF-45A3-8C17-E8B12FF99872} = {FDB2AF60-615B-4FF7-BE85-4ECE8D7CD2A1}
		{AA6F4D62-3C5D-4503-84D7-EFCE1153BB41} = {FDB2AF60-615B-4FF7-BE85-4ECE8D7CD2A1}
		{5E784ABD-8166-49CB-A521-EE7518184BA4} = {FDB2AF60-615B-4FF7-BE85-4ECE8D7CD2A1}
		{E1A02AB4-6137-4D11-A699-DD20C4C58214} = {957DE092-05BD-49BC-B77F-41D5CFA2FC5A}
		{4AF83343-F04A-4CA1-ACA2-36B21E92E929} = {957DE092-05BD-49BC-B77F-41D5CFA2FC5A}
		{97CAE8F1-AC52-44A5-B776-2AD2BEA61F9A} = {957DE092-05BD-49BC-B77F-41D5CFA2FC5A}
		{2726723A-D90D-4035-A22B-283143D97367} = {957DE092-05BD-49BC-B77F-41D5CFA2FC5A}
		{BCAA6E3D-6A15-4416-823B-4748ED0D420E} = {957DE092-05BD-49BC-B77F-41D5CFA2FC5A}
		{1C2D5905-D5B8-4D99-A4AA-0144CC388933} = {957DE092-05BD-49BC-B77F-41D5CFA2FC5A}
		{C6019F93-8BE0-414F-BDB5-B0C9109E8CA4} = {957DE092-05BD-49BC-B77F-41D5CFA2FC5A}
		{733FDCCD-841B-4F94-8529-3A2D5B7DD16F} = {957DE092-05BD-49BC-B77F-41D5CFA2FC5A}
		{D207F49D-0A3A-41CA-A436-1EB21852A71B} = {957DE092-05BD-49BC-B77F-41D5CFA2FC5A}
		{244A45DA-4EE5-4DB7-AC1C-99C669FE7EEB} = {957DE092-05BD-49BC-B77F-41D5CFA2FC5A}
		{30C583B5-C440-41EF-B992-0ED9B73BC1BD} = {957DE092-05BD-49BC-B77F-41D5CFA2FC5A}
		{28B87BE4-72CE-45DA-A3DD-052BBE405288} = {957DE092-05BD-49BC-B77F-41D5CFA2FC5A}
		{0FA66345-97BC-4D5E-866F-E1CC304210CD} = {957DE092-05BD-49BC-B77F-41D5CFA2FC5A}
		{81EC756F-CECF-4DD1-B393-D008767DEFCD} = {FDB2AF60-615B-4FF7-BE85-4ECE8D7CD2A1}
		{2C96D3B2-30C3-4ABB-A7D9-2653EECF5849} = {957DE092-05BD-49BC-B77F-41D5CFA2FC5A}
		{46EC12A7-502A-493A-8835-D91D88F89C7D} = {957DE092-05BD-49BC-B77F-41D5CFA2FC5A}
		{74BB2344-B77A-4C46-92F7-3F2BB5D622EE} = {957DE092-05BD-49BC-B77F-41D5CFA2FC5A}
		{8DE8756C-0DB6-4620-96E9-7B720A664A11} = {957DE092-05BD-49BC-B77F-41D5CFA2FC5A}
		{C52D1BA7-C69B-44A6-B2B9-4251D6413C28} = {957DE092-05BD-49BC-B77F-41D5CFA2FC5A}
		{DAF1706D-C1A8-43C7-A8B0-A29D5A37EE33} = {957DE092-05BD-49BC-B77F-41D5CFA2FC5A}
	EndGlobalSection
	GlobalSection(ExtensibilityGlobals) = postSolution
		SolutionGuid = {8A84AF0D-8FD3-4473-BDA0-20782C995591}
	EndGlobalSection
EndGlobal
