
Microsoft Visual Studio Solution File, Format Version 12.00
# Visual Studio Version 16
VisualStudioVersion = 16.0.31402.337
MinimumVisualStudioVersion = 10.0.40219.1
Project("{2150E333-8FDC-42A3-9474-1A3956D46DE8}") = "DataStructure", "DataStructure", "{45571775-036A-41BE-960D-82D5D33A2B35}"
EndProject
Project("{2150E333-8FDC-42A3-9474-1A3956D46DE8}") = "Algorithms", "Algorithms", "{FDB2AF60-615B-4FF7-BE85-4ECE8D7CD2A1}"
EndProject
Project("{9A19103F-16F7-4668-BE54-9A1E7A4F7556}") = "StackDataStructure", "DataStructure\StackDataStructure\StackDataStructure.csproj", "{B1012808-AF0D-440D-A36C-2748E998F127}"
EndProject
Project("{9A19103F-16F7-4668-BE54-9A1E7A4F7556}") = "QueueDataStructure", "DataStructure\QueueDataStructure\QueueDataStructure.csproj", "{160B77D9-7485-40B8-825D-35BB258E4D5F}"
EndProject
Project("{9A19103F-16F7-4668-BE54-9A1E7A4F7556}") = "CircularQueueDataStructure", "DataStructure\CircularQueueDataStructure\CircularQueueDataStructure.csproj", "{6D53AECC-ACA1-44AE-96F0-00C4B9889AE7}"
EndProject
Project("{9A19103F-16F7-4668-BE54-9A1E7A4F7556}") = "TreeTraversal", "Algorithms\TreeTraversal\TreeTraversal.csproj", "{5370025E-76A9-4687-96DC-41BE30D8F3BA}"
EndProject
Project("{9A19103F-16F7-4668-BE54-9A1E7A4F7556}") = "FullBinaryTree", "Algorithms\FullBinaryTree\FullBinaryTree.csproj", "{82390D8B-66AF-45A3-8C17-E8B12FF99872}"
EndProject
Project("{9A19103F-16F7-4668-BE54-9A1E7A4F7556}") = "PerfectBinaryTree", "Algorithms\PerfectBinaryTree\PerfectBinaryTree.csproj", "{AA6F4D62-3C5D-4503-84D7-EFCE1153BB41}"
EndProject
Project("{9A19103F-16F7-4668-BE54-9A1E7A4F7556}") = "CompleteBinaryTree", "Algorithms\CompleteBinaryTree\CompleteBinaryTree.csproj", "{5E784ABD-8166-49CB-A521-EE7518184BA4}"
EndProject
Project("{2150E333-8FDC-42A3-9474-1A3956D46DE8}") = "Research", "Research", "{957DE092-05BD-49BC-B77F-41D5CFA2FC5A}"
EndProject
Project("{9A19103F-16F7-4668-BE54-9A1E7A4F7556}") = "TwoSumArray", "Research\TwoSumArray\TwoSumArray.csproj", "{E1A02AB4-6137-4D11-A699-DD20C4C58214}"
EndProject
Project("{9A19103F-16F7-4668-BE54-9A1E7A4F7556}") = "LargestElementArray", "Research\LargestElementArray\LargestElementArray.csproj", "{4AF83343-F04A-4CA1-ACA2-36B21E92E929}"
EndProject
Project("{9A19103F-16F7-4668-BE54-9A1E7A4F7556}") = "PrintLeftRotationOfArray", "Research\PrintLeftRotationOfArray\PrintLeftRotationOfArray.csproj", "{97CAE8F1-AC52-44A5-B776-2AD2BEA61F9A}"
EndProject
Project("{FAE04EC0-301F-11D3-BF4B-00C04F79EFBC}") = "SplitArrayAndAddFirstPartToEnd", "Research\SplitArrayAndAddFirstPartToEnd\SplitArrayAndAddFirstPartToEnd.csproj", "{2726723A-D90D-4035-A22B-283143D97367}"
EndProject
Global
	GlobalSection(SolutionConfigurationPlatforms) = preSolution
		Debug|Any CPU = Debug|Any CPU
		Release|Any CPU = Release|Any CPU
	EndGlobalSection
	GlobalSection(ProjectConfigurationPlatforms) = postSolution
		{B1012808-AF0D-440D-A36C-2748E998F127}.Debug|Any CPU.ActiveCfg = Debug|Any CPU
		{B1012808-AF0D-440D-A36C-2748E998F127}.Debug|Any CPU.Build.0 = Debug|Any CPU
		{B1012808-AF0D-440D-A36C-2748E998F127}.Release|Any CPU.ActiveCfg = Release|Any CPU
		{B1012808-AF0D-440D-A36C-2748E998F127}.Release|Any CPU.Build.0 = Release|Any CPU
		{160B77D9-7485-40B8-825D-35BB258E4D5F}.Debug|Any CPU.ActiveCfg = Debug|Any CPU
		{160B77D9-7485-40B8-825D-35BB258E4D5F}.Debug|Any CPU.Build.0 = Debug|Any CPU
		{160B77D9-7485-40B8-825D-35BB258E4D5F}.Release|Any CPU.ActiveCfg = Release|Any CPU
		{160B77D9-7485-40B8-825D-35BB258E4D5F}.Release|Any CPU.Build.0 = Release|Any CPU
		{6D53AECC-ACA1-44AE-96F0-00C4B9889AE7}.Debug|Any CPU.ActiveCfg = Debug|Any CPU
		{6D53AECC-ACA1-44AE-96F0-00C4B9889AE7}.Debug|Any CPU.Build.0 = Debug|Any CPU
		{6D53AECC-ACA1-44AE-96F0-00C4B9889AE7}.Release|Any CPU.ActiveCfg = Release|Any CPU
		{6D53AECC-ACA1-44AE-96F0-00C4B9889AE7}.Release|Any CPU.Build.0 = Release|Any CPU
		{5370025E-76A9-4687-96DC-41BE30D8F3BA}.Debug|Any CPU.ActiveCfg = Debug|Any CPU
		{5370025E-76A9-4687-96DC-41BE30D8F3BA}.Debug|Any CPU.Build.0 = Debug|Any CPU
		{5370025E-76A9-4687-96DC-41BE30D8F3BA}.Release|Any CPU.ActiveCfg = Release|Any CPU
		{5370025E-76A9-4687-96DC-41BE30D8F3BA}.Release|Any CPU.Build.0 = Release|Any CPU
		{82390D8B-66AF-45A3-8C17-E8B12FF99872}.Debug|Any CPU.ActiveCfg = Debug|Any CPU
		{82390D8B-66AF-45A3-8C17-E8B12FF99872}.Debug|Any CPU.Build.0 = Debug|Any CPU
		{82390D8B-66AF-45A3-8C17-E8B12FF99872}.Release|Any CPU.ActiveCfg = Release|Any CPU
		{82390D8B-66AF-45A3-8C17-E8B12FF99872}.Release|Any CPU.Build.0 = Release|Any CPU
		{AA6F4D62-3C5D-4503-84D7-EFCE1153BB41}.Debug|Any CPU.ActiveCfg = Debug|Any CPU
		{AA6F4D62-3C5D-4503-84D7-EFCE1153BB41}.Debug|Any CPU.Build.0 = Debug|Any CPU
		{AA6F4D62-3C5D-4503-84D7-EFCE1153BB41}.Release|Any CPU.ActiveCfg = Release|Any CPU
		{AA6F4D62-3C5D-4503-84D7-EFCE1153BB41}.Release|Any CPU.Build.0 = Release|Any CPU
		{5E784ABD-8166-49CB-A521-EE7518184BA4}.Debug|Any CPU.ActiveCfg = Debug|Any CPU
		{5E784ABD-8166-49CB-A521-EE7518184BA4}.Debug|Any CPU.Build.0 = Debug|Any CPU
		{5E784ABD-8166-49CB-A521-EE7518184BA4}.Release|Any CPU.ActiveCfg = Release|Any CPU
		{5E784ABD-8166-49CB-A521-EE7518184BA4}.Release|Any CPU.Build.0 = Release|Any CPU
		{E1A02AB4-6137-4D11-A699-DD20C4C58214}.Debug|Any CPU.ActiveCfg = Debug|Any CPU
		{E1A02AB4-6137-4D11-A699-DD20C4C58214}.Debug|Any CPU.Build.0 = Debug|Any CPU
		{E1A02AB4-6137-4D11-A699-DD20C4C58214}.Release|Any CPU.ActiveCfg = Release|Any CPU
		{E1A02AB4-6137-4D11-A699-DD20C4C58214}.Release|Any CPU.Build.0 = Release|Any CPU
		{4AF83343-F04A-4CA1-ACA2-36B21E92E929}.Debug|Any CPU.ActiveCfg = Debug|Any CPU
		{4AF83343-F04A-4CA1-ACA2-36B21E92E929}.Debug|Any CPU.Build.0 = Debug|Any CPU
		{4AF83343-F04A-4CA1-ACA2-36B21E92E929}.Release|Any CPU.ActiveCfg = Release|Any CPU
		{4AF83343-F04A-4CA1-ACA2-36B21E92E929}.Release|Any CPU.Build.0 = Release|Any CPU
		{97CAE8F1-AC52-44A5-B776-2AD2BEA61F9A}.Debug|Any CPU.ActiveCfg = Debug|Any CPU
		{97CAE8F1-AC52-44A5-B776-2AD2BEA61F9A}.Debug|Any CPU.Build.0 = Debug|Any CPU
		{97CAE8F1-AC52-44A5-B776-2AD2BEA61F9A}.Release|Any CPU.ActiveCfg = Release|Any CPU
		{97CAE8F1-AC52-44A5-B776-2AD2BEA61F9A}.Release|Any CPU.Build.0 = Release|Any CPU
		{2726723A-D90D-4035-A22B-283143D97367}.Debug|Any CPU.ActiveCfg = Debug|Any CPU
		{2726723A-D90D-4035-A22B-283143D97367}.Debug|Any CPU.Build.0 = Debug|Any CPU
		{2726723A-D90D-4035-A22B-283143D97367}.Release|Any CPU.ActiveCfg = Release|Any CPU
		{2726723A-D90D-4035-A22B-283143D97367}.Release|Any CPU.Build.0 = Release|Any CPU
	EndGlobalSection
	GlobalSection(SolutionProperties) = preSolution
		HideSolutionNode = FALSE
	EndGlobalSection
	GlobalSection(NestedProjects) = preSolution
		{B1012808-AF0D-440D-A36C-2748E998F127} = {45571775-036A-41BE-960D-82D5D33A2B35}
		{160B77D9-7485-40B8-825D-35BB258E4D5F} = {45571775-036A-41BE-960D-82D5D33A2B35}
		{6D53AECC-ACA1-44AE-96F0-00C4B9889AE7} = {45571775-036A-41BE-960D-82D5D33A2B35}
		{5370025E-76A9-4687-96DC-41BE30D8F3BA} = {FDB2AF60-615B-4FF7-BE85-4ECE8D7CD2A1}
		{82390D8B-66AF-45A3-8C17-E8B12FF99872} = {FDB2AF60-615B-4FF7-BE85-4ECE8D7CD2A1}
		{AA6F4D62-3C5D-4503-84D7-EFCE1153BB41} = {FDB2AF60-615B-4FF7-BE85-4ECE8D7CD2A1}
		{5E784ABD-8166-49CB-A521-EE7518184BA4} = {FDB2AF60-615B-4FF7-BE85-4ECE8D7CD2A1}
		{E1A02AB4-6137-4D11-A699-DD20C4C58214} = {957DE092-05BD-49BC-B77F-41D5CFA2FC5A}
		{4AF83343-F04A-4CA1-ACA2-36B21E92E929} = {957DE092-05BD-49BC-B77F-41D5CFA2FC5A}
		{97CAE8F1-AC52-44A5-B776-2AD2BEA61F9A} = {957DE092-05BD-49BC-B77F-41D5CFA2FC5A}
		{2726723A-D90D-4035-A22B-283143D97367} = {957DE092-05BD-49BC-B77F-41D5CFA2FC5A}
	EndGlobalSection
	GlobalSection(ExtensibilityGlobals) = postSolution
		SolutionGuid = {8A84AF0D-8FD3-4473-BDA0-20782C995591}
	EndGlobalSection
EndGlobal
